
Microsoft Visual Studio Solution File, Format Version 12.00
# Visual Studio Version 17
VisualStudioVersion = 17.3.32929.385
MinimumVisualStudioVersion = 10.0.40219.1
Project("{FAE04EC0-301F-11D3-BF4B-00C04F79EFBC}") = "SistemaWebLibreriaVenus.Entity", "SistemaWebLibreriaVenus.Entity\SistemaWebLibreriaVenus.Entity.csproj", "{84964937-FC95-4C96-B114-E3FD73DF6B6E}"
EndProject
Project("{FAE04EC0-301F-11D3-BF4B-00C04F79EFBC}") = "SistemaWebLibreriaVenus.DAL", "SistemaWebLibreriaVenus.DAL\SistemaWebLibreriaVenus.DAL.csproj", "{EB31B67A-C8CD-4FA2-A875-475F8C132380}"
EndProject
Project("{FAE04EC0-301F-11D3-BF4B-00C04F79EFBC}") = "SistemaWebLibreriaVenus.IOC", "SistemaWebLibreriaVenus.IOC\SistemaWebLibreriaVenus.IOC.csproj", "{65A24B19-4716-4EEE-826E-94976E05FD36}"
EndProject
Project("{FAE04EC0-301F-11D3-BF4B-00C04F79EFBC}") = "SistemaWebLibreriaVenus.BLL", "SistemaWebLibreriaVenus.BLL\SistemaWebLibreriaVenus.BLL.csproj", "{B458B57F-DCED-4B6D-A74F-1EB84A067B2A}"
EndProject
Project("{FAE04EC0-301F-11D3-BF4B-00C04F79EFBC}") = "SistemaWebLibreriaVenus.AplicacionWeb", "SistemaWebLibreriaVenus.AplicacionWeb\SistemaWebLibreriaVenus.AplicacionWeb.csproj", "{34D7882F-A321-4C34-8FA5-F6E9A4A46725}"
EndProject
Global
	GlobalSection(SolutionConfigurationPlatforms) = preSolution
		Debug|Any CPU = Debug|Any CPU
		Release|Any CPU = Release|Any CPU
	EndGlobalSection
	GlobalSection(ProjectConfigurationPlatforms) = postSolution
		{84964937-FC95-4C96-B114-E3FD73DF6B6E}.Debug|Any CPU.ActiveCfg = Debug|Any CPU
		{84964937-FC95-4C96-B114-E3FD73DF6B6E}.Debug|Any CPU.Build.0 = Debug|Any CPU
		{84964937-FC95-4C96-B114-E3FD73DF6B6E}.Release|Any CPU.ActiveCfg = Release|Any CPU
		{84964937-FC95-4C96-B114-E3FD73DF6B6E}.Release|Any CPU.Build.0 = Release|Any CPU
		{EB31B67A-C8CD-4FA2-A875-475F8C132380}.Debug|Any CPU.ActiveCfg = Debug|Any CPU
		{EB31B67A-C8CD-4FA2-A875-475F8C132380}.Debug|Any CPU.Build.0 = Debug|Any CPU
		{EB31B67A-C8CD-4FA2-A875-475F8C132380}.Release|Any CPU.ActiveCfg = Release|Any CPU
		{EB31B67A-C8CD-4FA2-A875-475F8C132380}.Release|Any CPU.Build.0 = Release|Any CPU
		{65A24B19-4716-4EEE-826E-94976E05FD36}.Debug|Any CPU.ActiveCfg = Debug|Any CPU
		{65A24B19-4716-4EEE-826E-94976E05FD36}.Debug|Any CPU.Build.0 = Debug|Any CPU
		{65A24B19-4716-4EEE-826E-94976E05FD36}.Release|Any CPU.ActiveCfg = Release|Any CPU
		{65A24B19-4716-4EEE-826E-94976E05FD36}.Release|Any CPU.Build.0 = Release|Any CPU
		{B458B57F-DCED-4B6D-A74F-1EB84A067B2A}.Debug|Any CPU.ActiveCfg = Debug|Any CPU
		{B458B57F-DCED-4B6D-A74F-1EB84A067B2A}.Debug|Any CPU.Build.0 = Debug|Any CPU
		{B458B57F-DCED-4B6D-A74F-1EB84A067B2A}.Release|Any CPU.ActiveCfg = Release|Any CPU
		{B458B57F-DCED-4B6D-A74F-1EB84A067B2A}.Release|Any CPU.Build.0 = Release|Any CPU
		{34D7882F-A321-4C34-8FA5-F6E9A4A46725}.Debug|Any CPU.ActiveCfg = Debug|Any CPU
		{34D7882F-A321-4C34-8FA5-F6E9A4A46725}.Debug|Any CPU.Build.0 = Debug|Any CPU
		{34D7882F-A321-4C34-8FA5-F6E9A4A46725}.Release|Any CPU.ActiveCfg = Release|Any CPU
		{34D7882F-A321-4C34-8FA5-F6E9A4A46725}.Release|Any CPU.Build.0 = Release|Any CPU
	EndGlobalSection
	GlobalSection(SolutionProperties) = preSolution
		HideSolutionNode = FALSE
	EndGlobalSection
	GlobalSection(ExtensibilityGlobals) = postSolution
		SolutionGuid = {3DB2C385-AC16-4576-9605-7E02457D4044}
	EndGlobalSection
EndGlobal
